
Microsoft Visual Studio Solution File, Format Version 12.00
# Visual Studio 15
VisualStudioVersion = 15.0.26124.0
MinimumVisualStudioVersion = 15.0.26124.0
Project("{FAE04EC0-301F-11D3-BF4B-00C04F79EFBC}") = "TimeCalc", "TimeCalc\TimeCalc.csproj", "{422C5042-82DB-4D7B-8BC5-8278BAEA7DBD}"
EndProject
Project("{FAE04EC0-301F-11D3-BF4B-00C04F79EFBC}") = "TimeCalc.Tests", "TimeCalc.Tests\TimeCalc.Tests.csproj", "{40954392-E0AF-4C5B-B62F-72212066F095}"
EndProject
Global
	GlobalSection(SolutionConfigurationPlatforms) = preSolution
		Debug|Any CPU = Debug|Any CPU
		Debug|x64 = Debug|x64
		Debug|x86 = Debug|x86
		Release|Any CPU = Release|Any CPU
		Release|x64 = Release|x64
		Release|x86 = Release|x86
	EndGlobalSection
	GlobalSection(SolutionProperties) = preSolution
		HideSolutionNode = FALSE
	EndGlobalSection
	GlobalSection(ProjectConfigurationPlatforms) = postSolution
		{422C5042-82DB-4D7B-8BC5-8278BAEA7DBD}.Debug|Any CPU.ActiveCfg = Debug|Any CPU
		{422C5042-82DB-4D7B-8BC5-8278BAEA7DBD}.Debug|Any CPU.Build.0 = Debug|Any CPU
		{422C5042-82DB-4D7B-8BC5-8278BAEA7DBD}.Debug|x64.ActiveCfg = Debug|Any CPU
		{422C5042-82DB-4D7B-8BC5-8278BAEA7DBD}.Debug|x64.Build.0 = Debug|Any CPU
		{422C5042-82DB-4D7B-8BC5-8278BAEA7DBD}.Debug|x86.ActiveCfg = Debug|Any CPU
		{422C5042-82DB-4D7B-8BC5-8278BAEA7DBD}.Debug|x86.Build.0 = Debug|Any CPU
		{422C5042-82DB-4D7B-8BC5-8278BAEA7DBD}.Release|Any CPU.ActiveCfg = Release|Any CPU
		{422C5042-82DB-4D7B-8BC5-8278BAEA7DBD}.Release|Any CPU.Build.0 = Release|Any CPU
		{422C5042-82DB-4D7B-8BC5-8278BAEA7DBD}.Release|x64.ActiveCfg = Release|Any CPU
		{422C5042-82DB-4D7B-8BC5-8278BAEA7DBD}.Release|x64.Build.0 = Release|Any CPU
		{422C5042-82DB-4D7B-8BC5-8278BAEA7DBD}.Release|x86.ActiveCfg = Release|Any CPU
		{422C5042-82DB-4D7B-8BC5-8278BAEA7DBD}.Release|x86.Build.0 = Release|Any CPU
		{40954392-E0AF-4C5B-B62F-72212066F095}.Debug|Any CPU.ActiveCfg = Debug|Any CPU
		{40954392-E0AF-4C5B-B62F-72212066F095}.Debug|Any CPU.Build.0 = Debug|Any CPU
		{40954392-E0AF-4C5B-B62F-72212066F095}.Debug|x64.ActiveCfg = Debug|Any CPU
		{40954392-E0AF-4C5B-B62F-72212066F095}.Debug|x64.Build.0 = Debug|Any CPU
		{40954392-E0AF-4C5B-B62F-72212066F095}.Debug|x86.ActiveCfg = Debug|Any CPU
		{40954392-E0AF-4C5B-B62F-72212066F095}.Debug|x86.Build.0 = Debug|Any CPU
		{40954392-E0AF-4C5B-B62F-72212066F095}.Release|Any CPU.ActiveCfg = Release|Any CPU
		{40954392-E0AF-4C5B-B62F-72212066F095}.Release|Any CPU.Build.0 = Release|Any CPU
		{40954392-E0AF-4C5B-B62F-72212066F095}.Release|x64.ActiveCfg = Release|Any CPU
		{40954392-E0AF-4C5B-B62F-72212066F095}.Release|x64.Build.0 = Release|Any CPU
		{40954392-E0AF-4C5B-B62F-72212066F095}.Release|x86.ActiveCfg = Release|Any CPU
		{40954392-E0AF-4C5B-B62F-72212066F095}.Release|x86.Build.0 = Release|Any CPU
	EndGlobalSection
EndGlobal
